{
  "name": "minicursodevops",
  "lockfileVersion": 3,
  "requires": true,
  "packages": {
    "": {
      "dependencies": {
        "corepack": "^0.34.0",
        "yarn": "^1.22.22"
      }
    },
    "node_modules/corepack": {
      "version": "0.34.0",
      "resolved": "https://registry.npmjs.org/corepack/-/corepack-0.34.0.tgz",
      "integrity": "sha512-8D9N/k9hDjoISCDGUzH2wBF0fJD49p3G7ifoEZcc0vhB7Py6r+Mc1SpJ8dvnWY/HMP95K60WkQbN7vgbUgXgpA==",
      "license": "MIT",
      "bin": {
        "corepack": "dist/corepack.js",
        "pnpm": "dist/pnpm.js",
        "pnpx": "dist/pnpx.js",
        "yarn": "dist/yarn.js",
        "yarnpkg": "dist/yarnpkg.js"
      },
      "engines": {
        "node": "^20.10.0 || ^22.11.0 || >=24.0.0"
      }
    },
    "node_modules/yarn": {
      "version": "1.22.22",
      "resolved": "https://registry.npmjs.org/yarn/-/yarn-1.22.22.tgz",
      "integrity": "sha512-prL3kGtyG7o9Z9Sv8IPfBNrWTDmXB4Qbes8A9rEzt6wkJV8mUvoirjU0Mp3GGAU06Y0XQyA3/2/RQFVuK7MTfg==",
      "hasInstallScript": true,
      "license": "BSD-2-Clause",
      "bin": {
        "yarn": "bin/yarn.js",
        "yarnpkg": "bin/yarn.js"
      },
      "engines": {
        "node": ">=4.0.0"
      }
    }
  }
}
